
Microsoft Visual Studio Solution File, Format Version 12.00
Project("{FAE04EC0-301F-11D3-BF4B-00C04F79EFBC}") = "DatabaseReportingSystem", "DatabaseReportingSystem\DatabaseReportingSystem.csproj", "{DA0FA196-4279-4E93-B889-FE6B918ADB9D}"
EndProject
Project("{FAE04EC0-301F-11D3-BF4B-00C04F79EFBC}") = "DatabaseReportingSystem.Vector", "DatabaseReportingSystem.Vector\DatabaseReportingSystem.Vector.csproj", "{A5B473C4-74EE-4CF5-BA53-87E85B47C6E8}"
EndProject
Global
	GlobalSection(SolutionConfigurationPlatforms) = preSolution
		Debug|Any CPU = Debug|Any CPU
		Release|Any CPU = Release|Any CPU
	EndGlobalSection
	GlobalSection(ProjectConfigurationPlatforms) = postSolution
		{DA0FA196-4279-4E93-B889-FE6B918ADB9D}.Debug|Any CPU.ActiveCfg = Debug|Any CPU
		{DA0FA196-4279-4E93-B889-FE6B918ADB9D}.Debug|Any CPU.Build.0 = Debug|Any CPU
		{DA0FA196-4279-4E93-B889-FE6B918ADB9D}.Release|Any CPU.ActiveCfg = Release|Any CPU
		{DA0FA196-4279-4E93-B889-FE6B918ADB9D}.Release|Any CPU.Build.0 = Release|Any CPU
		{A5B473C4-74EE-4CF5-BA53-87E85B47C6E8}.Debug|Any CPU.ActiveCfg = Debug|Any CPU
		{A5B473C4-74EE-4CF5-BA53-87E85B47C6E8}.Debug|Any CPU.Build.0 = Debug|Any CPU
		{A5B473C4-74EE-4CF5-BA53-87E85B47C6E8}.Release|Any CPU.ActiveCfg = Release|Any CPU
		{A5B473C4-74EE-4CF5-BA53-87E85B47C6E8}.Release|Any CPU.Build.0 = Release|Any CPU
	EndGlobalSection
EndGlobal
